
Microsoft Visual Studio Solution File, Format Version 12.00
# Visual Studio Version 17
VisualStudioVersion = 17.14.36301.6 d17.14
MinimumVisualStudioVersion = 10.0.40219.1
Project("{8BC9CEB8-8B4A-11D0-8D11-00A0C91BC942}") = "DNDProjectCliente", "DNDProjectCliente.vcxproj", "{1AEF1AF8-547D-4F78-A99C-061A5ACB61BB}"
EndProject
Project("{8BC9CEB8-8B4A-11D0-8D11-00A0C91BC942}") = "Server", "..\Server\Server.vcxproj", "{647A1E69-26FC-4896-9442-17B68F1C013F}"
EndProject
Project("{8BC9CEB8-8B4A-11D0-8D11-00A0C91BC942}") = "Lib", "..\Lib\Lib.vcxproj", "{252E78B8-E7A6-4859-95DE-CF6D706A82FB}"
EndProject
Global
	GlobalSection(SolutionConfigurationPlatforms) = preSolution
		Debug|x64 = Debug|x64
		Debug|x86 = Debug|x86
		Release|x64 = Release|x64
		Release|x86 = Release|x86
	EndGlobalSection
	GlobalSection(ProjectConfigurationPlatforms) = postSolution
		{1AEF1AF8-547D-4F78-A99C-061A5ACB61BB}.Debug|x64.ActiveCfg = Debug|x64
		{1AEF1AF8-547D-4F78-A99C-061A5ACB61BB}.Debug|x64.Build.0 = Debug|x64
		{1AEF1AF8-547D-4F78-A99C-061A5ACB61BB}.Debug|x86.ActiveCfg = Debug|Win32
		{1AEF1AF8-547D-4F78-A99C-061A5ACB61BB}.Debug|x86.Build.0 = Debug|Win32
		{1AEF1AF8-547D-4F78-A99C-061A5ACB61BB}.Release|x64.ActiveCfg = Release|x64
		{1AEF1AF8-547D-4F78-A99C-061A5ACB61BB}.Release|x64.Build.0 = Release|x64
		{1AEF1AF8-547D-4F78-A99C-061A5ACB61BB}.Release|x86.ActiveCfg = Release|Win32
		{1AEF1AF8-547D-4F78-A99C-061A5ACB61BB}.Release|x86.Build.0 = Release|Win32
		{647A1E69-26FC-4896-9442-17B68F1C013F}.Debug|x64.ActiveCfg = Debug|x64
		{647A1E69-26FC-4896-9442-17B68F1C013F}.Debug|x64.Build.0 = Debug|x64
		{647A1E69-26FC-4896-9442-17B68F1C013F}.Debug|x86.ActiveCfg = Debug|Win32
		{647A1E69-26FC-4896-9442-17B68F1C013F}.Debug|x86.Build.0 = Debug|Win32
		{647A1E69-26FC-4896-9442-17B68F1C013F}.Release|x64.ActiveCfg = Release|x64
		{647A1E69-26FC-4896-9442-17B68F1C013F}.Release|x64.Build.0 = Release|x64
		{647A1E69-26FC-4896-9442-17B68F1C013F}.Release|x86.ActiveCfg = Release|Win32
		{647A1E69-26FC-4896-9442-17B68F1C013F}.Release|x86.Build.0 = Release|Win32
		{252E78B8-E7A6-4859-95DE-CF6D706A82FB}.Debug|x64.ActiveCfg = Debug|x64
		{252E78B8-E7A6-4859-95DE-CF6D706A82FB}.Debug|x64.Build.0 = Debug|x64
		{252E78B8-E7A6-4859-95DE-CF6D706A82FB}.Debug|x86.ActiveCfg = Debug|Win32
		{252E78B8-E7A6-4859-95DE-CF6D706A82FB}.Debug|x86.Build.0 = Debug|Win32
		{252E78B8-E7A6-4859-95DE-CF6D706A82FB}.Release|x64.ActiveCfg = Release|x64
		{252E78B8-E7A6-4859-95DE-CF6D706A82FB}.Release|x64.Build.0 = Release|x64
		{252E78B8-E7A6-4859-95DE-CF6D706A82FB}.Release|x86.ActiveCfg = Release|Win32
		{252E78B8-E7A6-4859-95DE-CF6D706A82FB}.Release|x86.Build.0 = Release|Win32
	EndGlobalSection
	GlobalSection(SolutionProperties) = preSolution
		HideSolutionNode = FALSE
	EndGlobalSection
	GlobalSection(ExtensibilityGlobals) = postSolution
		SolutionGuid = {33566E15-165D-425C-8B2F-FB22EAF4423D}
	EndGlobalSection
EndGlobal
